// !$*UTF8*$!
{
	archiveVersion = 1;
	classes = {
	};
	objectVersion = 46;
	objects = {

/* Begin PBXBuildFile section */
		048881631EB6224100910804 /* AppDelegate.swift in Sources */ = {isa = PBXBuildFile; fileRef = 048881621EB6224100910804 /* AppDelegate.swift */; };
		048881681EB6224100910804 /* Main.storyboard in Resources */ = {isa = PBXBuildFile; fileRef = 048881661EB6224100910804 /* Main.storyboard */; };
		0488816B1EB6224100910804 /* Automotive.xcdatamodeld in Sources */ = {isa = PBXBuildFile; fileRef = 048881691EB6224100910804 /* Automotive.xcdatamodeld */; };
		0488816D1EB6224100910804 /* Assets.xcassets in Resources */ = {isa = PBXBuildFile; fileRef = 0488816C1EB6224100910804 /* Assets.xcassets */; };
		048881701EB6224100910804 /* LaunchScreen.storyboard in Resources */ = {isa = PBXBuildFile; fileRef = 0488816E1EB6224100910804 /* LaunchScreen.storyboard */; };
		0488817B1EB6224100910804 /* AutomotiveTests.swift in Sources */ = {isa = PBXBuildFile; fileRef = 0488817A1EB6224100910804 /* AutomotiveTests.swift */; };
		048881861EB6224100910804 /* AutomotiveUITests.swift in Sources */ = {isa = PBXBuildFile; fileRef = 048881851EB6224100910804 /* AutomotiveUITests.swift */; };
		04E259AA1EB6244B00401E24 /* ListingVC.swift in Sources */ = {isa = PBXBuildFile; fileRef = 04E259A91EB6244B00401E24 /* ListingVC.swift */; };
		04E259AD1EB6248100401E24 /* FavouriteVC.swift in Sources */ = {isa = PBXBuildFile; fileRef = 04E259AC1EB6248100401E24 /* FavouriteVC.swift */; };
		C1868D12EBCA10608DA8E3FD /* Pods_Automotive.framework in Frameworks */ = {isa = PBXBuildFile; fileRef = 83A251F3378C8CD7AC84BC27 /* Pods_Automotive.framework */; };
		E315EA034864A6F3EE73B3B2 /* Pods_AutomotiveUITests.framework in Frameworks */ = {isa = PBXBuildFile; fileRef = DE6212D953014141EF865468 /* Pods_AutomotiveUITests.framework */; };
		F23252605250F27AE5FA8AFB /* Pods_AutomotiveTests.framework in Frameworks */ = {isa = PBXBuildFile; fileRef = 0A274A3EFF24145DC3BD6AD1 /* Pods_AutomotiveTests.framework */; };
/* End PBXBuildFile section */

/* Begin PBXContainerItemProxy section */
		048881771EB6224100910804 /* PBXContainerItemProxy */ = {
			isa = PBXContainerItemProxy;
			containerPortal = 048881571EB6224100910804 /* Project object */;
			proxyType = 1;
			remoteGlobalIDString = 0488815E1EB6224100910804;
			remoteInfo = Automotive;
		};
		048881821EB6224100910804 /* PBXContainerItemProxy */ = {
			isa = PBXContainerItemProxy;
			containerPortal = 048881571EB6224100910804 /* Project object */;
			proxyType = 1;
			remoteGlobalIDString = 0488815E1EB6224100910804;
			remoteInfo = Automotive;
		};
/* End PBXContainerItemProxy section */

/* Begin PBXFileReference section */
		0488815F1EB6224100910804 /* Automotive.app */ = {isa = PBXFileReference; explicitFileType = wrapper.application; includeInIndex = 0; path = Automotive.app; sourceTree = BUILT_PRODUCTS_DIR; };
		048881621EB6224100910804 /* AppDelegate.swift */ = {isa = PBXFileReference; lastKnownFileType = sourcecode.swift; path = AppDelegate.swift; sourceTree = "<group>"; };
		048881671EB6224100910804 /* Base */ = {isa = PBXFileReference; lastKnownFileType = file.storyboard; name = Base; path = Base.lproj/Main.storyboard; sourceTree = "<group>"; };
		0488816A1EB6224100910804 /* Automotive.xcdatamodel */ = {isa = PBXFileReference; lastKnownFileType = wrapper.xcdatamodel; path = Automotive.xcdatamodel; sourceTree = "<group>"; };
		0488816C1EB6224100910804 /* Assets.xcassets */ = {isa = PBXFileReference; lastKnownFileType = folder.assetcatalog; path = Assets.xcassets; sourceTree = "<group>"; };
		0488816F1EB6224100910804 /* Base */ = {isa = PBXFileReference; lastKnownFileType = file.storyboard; name = Base; path = Base.lproj/LaunchScreen.storyboard; sourceTree = "<group>"; };
		048881711EB6224100910804 /* Info.plist */ = {isa = PBXFileReference; lastKnownFileType = text.plist.xml; path = Info.plist; sourceTree = "<group>"; };
		048881761EB6224100910804 /* AutomotiveTests.xctest */ = {isa = PBXFileReference; explicitFileType = wrapper.cfbundle; includeInIndex = 0; path = AutomotiveTests.xctest; sourceTree = BUILT_PRODUCTS_DIR; };
		0488817A1EB6224100910804 /* AutomotiveTests.swift */ = {isa = PBXFileReference; lastKnownFileType = sourcecode.swift; path = AutomotiveTests.swift; sourceTree = "<group>"; };
		0488817C1EB6224100910804 /* Info.plist */ = {isa = PBXFileReference; lastKnownFileType = text.plist.xml; path = Info.plist; sourceTree = "<group>"; };
		048881811EB6224100910804 /* AutomotiveUITests.xctest */ = {isa = PBXFileReference; explicitFileType = wrapper.cfbundle; includeInIndex = 0; path = AutomotiveUITests.xctest; sourceTree = BUILT_PRODUCTS_DIR; };
		048881851EB6224100910804 /* AutomotiveUITests.swift */ = {isa = PBXFileReference; lastKnownFileType = sourcecode.swift; path = AutomotiveUITests.swift; sourceTree = "<group>"; };
		048881871EB6224100910804 /* Info.plist */ = {isa = PBXFileReference; lastKnownFileType = text.plist.xml; path = Info.plist; sourceTree = "<group>"; };
		04E259A91EB6244B00401E24 /* ListingVC.swift */ = {isa = PBXFileReference; fileEncoding = 4; lastKnownFileType = sourcecode.swift; path = ListingVC.swift; sourceTree = "<group>"; };
		04E259AC1EB6248100401E24 /* FavouriteVC.swift */ = {isa = PBXFileReference; fileEncoding = 4; lastKnownFileType = sourcecode.swift; path = FavouriteVC.swift; sourceTree = "<group>"; };
		0A274A3EFF24145DC3BD6AD1 /* Pods_AutomotiveTests.framework */ = {isa = PBXFileReference; explicitFileType = wrapper.framework; includeInIndex = 0; path = Pods_AutomotiveTests.framework; sourceTree = BUILT_PRODUCTS_DIR; };
		4F841B1C8B68B84649579A38 /* Pods-Automotive.debug.xcconfig */ = {isa = PBXFileReference; includeInIndex = 1; lastKnownFileType = text.xcconfig; name = "Pods-Automotive.debug.xcconfig"; path = "Pods/Target Support Files/Pods-Automotive/Pods-Automotive.debug.xcconfig"; sourceTree = "<group>"; };
		5C614A4B231C30FF9D50311B /* Pods-AutomotiveUITests.release.xcconfig */ = {isa = PBXFileReference; includeInIndex = 1; lastKnownFileType = text.xcconfig; name = "Pods-AutomotiveUITests.release.xcconfig"; path = "Pods/Target Support Files/Pods-AutomotiveUITests/Pods-AutomotiveUITests.release.xcconfig"; sourceTree = "<group>"; };
		6F8C72BE586B2C4D68ED71B5 /* Pods-Automotive.release.xcconfig */ = {isa = PBXFileReference; includeInIndex = 1; lastKnownFileType = text.xcconfig; name = "Pods-Automotive.release.xcconfig"; path = "Pods/Target Support Files/Pods-Automotive/Pods-Automotive.release.xcconfig"; sourceTree = "<group>"; };
		83A251F3378C8CD7AC84BC27 /* Pods_Automotive.framework */ = {isa = PBXFileReference; explicitFileType = wrapper.framework; includeInIndex = 0; path = Pods_Automotive.framework; sourceTree = BUILT_PRODUCTS_DIR; };
		A9DF201DF3C372173163A242 /* Pods-AutomotiveTests.debug.xcconfig */ = {isa = PBXFileReference; includeInIndex = 1; lastKnownFileType = text.xcconfig; name = "Pods-AutomotiveTests.debug.xcconfig"; path = "Pods/Target Support Files/Pods-AutomotiveTests/Pods-AutomotiveTests.debug.xcconfig"; sourceTree = "<group>"; };
		B7C4A52AD0076CEC07E462BF /* Pods-AutomotiveTests.release.xcconfig */ = {isa = PBXFileReference; includeInIndex = 1; lastKnownFileType = text.xcconfig; name = "Pods-AutomotiveTests.release.xcconfig"; path = "Pods/Target Support Files/Pods-AutomotiveTests/Pods-AutomotiveTests.release.xcconfig"; sourceTree = "<group>"; };
		DE6212D953014141EF865468 /* Pods_AutomotiveUITests.framework */ = {isa = PBXFileReference; explicitFileType = wrapper.framework; includeInIndex = 0; path = Pods_AutomotiveUITests.framework; sourceTree = BUILT_PRODUCTS_DIR; };
		F7028540A6102DE15F47E21B /* Pods-AutomotiveUITests.debug.xcconfig */ = {isa = PBXFileReference; includeInIndex = 1; lastKnownFileType = text.xcconfig; name = "Pods-AutomotiveUITests.debug.xcconfig"; path = "Pods/Target Support Files/Pods-AutomotiveUITests/Pods-AutomotiveUITests.debug.xcconfig"; sourceTree = "<group>"; };
/* End PBXFileReference section */

/* Begin PBXFrameworksBuildPhase section */
		0488815C1EB6224100910804 /* Frameworks */ = {
			isa = PBXFrameworksBuildPhase;
			buildActionMask = 2147483647;
			files = (
				C1868D12EBCA10608DA8E3FD /* Pods_Automotive.framework in Frameworks */,
			);
			runOnlyForDeploymentPostprocessing = 0;
		};
		048881731EB6224100910804 /* Frameworks */ = {
			isa = PBXFrameworksBuildPhase;
			buildActionMask = 2147483647;
			files = (
				F23252605250F27AE5FA8AFB /* Pods_AutomotiveTests.framework in Frameworks */,
			);
			runOnlyForDeploymentPostprocessing = 0;
		};
		0488817E1EB6224100910804 /* Frameworks */ = {
			isa = PBXFrameworksBuildPhase;
			buildActionMask = 2147483647;
			files = (
				E315EA034864A6F3EE73B3B2 /* Pods_AutomotiveUITests.framework in Frameworks */,
			);
			runOnlyForDeploymentPostprocessing = 0;
		};
/* End PBXFrameworksBuildPhase section */

/* Begin PBXGroup section */
		048881561EB6224100910804 = {
			isa = PBXGroup;
			children = (
				048881611EB6224100910804 /* Automotive */,
				048881791EB6224100910804 /* AutomotiveTests */,
				048881841EB6224100910804 /* AutomotiveUITests */,
				048881601EB6224100910804 /* Products */,
				41DC08178F21C1B61C48818E /* Pods */,
				931CDE05D156DB0A5AB14BA3 /* Frameworks */,
			);
			sourceTree = "<group>";
		};
		048881601EB6224100910804 /* Products */ = {
			isa = PBXGroup;
			children = (
				0488815F1EB6224100910804 /* Automotive.app */,
				048881761EB6224100910804 /* AutomotiveTests.xctest */,
				048881811EB6224100910804 /* AutomotiveUITests.xctest */,
			);
			name = Products;
			sourceTree = "<group>";
		};
		048881611EB6224100910804 /* Automotive */ = {
			isa = PBXGroup;
			children = (
				048881621EB6224100910804 /* AppDelegate.swift */,
				04E259AB1EB6245400401E24 /* Controllers */,
				048881661EB6224100910804 /* Main.storyboard */,
				0488816C1EB6224100910804 /* Assets.xcassets */,
				0488816E1EB6224100910804 /* LaunchScreen.storyboard */,
				048881711EB6224100910804 /* Info.plist */,
				048881691EB6224100910804 /* Automotive.xcdatamodeld */,
			);
			path = Automotive;
			sourceTree = "<group>";
		};
		048881791EB6224100910804 /* AutomotiveTests */ = {
			isa = PBXGroup;
			children = (
				0488817A1EB6224100910804 /* AutomotiveTests.swift */,
				0488817C1EB6224100910804 /* Info.plist */,
			);
			path = AutomotiveTests;
			sourceTree = "<group>";
		};
		048881841EB6224100910804 /* AutomotiveUITests */ = {
			isa = PBXGroup;
			children = (
				048881851EB6224100910804 /* AutomotiveUITests.swift */,
				048881871EB6224100910804 /* Info.plist */,
			);
			path = AutomotiveUITests;
			sourceTree = "<group>";
		};
		04E259AB1EB6245400401E24 /* Controllers */ = {
			isa = PBXGroup;
			children = (
				04E259A91EB6244B00401E24 /* ListingVC.swift */,
				04E259AC1EB6248100401E24 /* FavouriteVC.swift */,
			);
			path = Controllers;
			sourceTree = "<group>";
		};
		41DC08178F21C1B61C48818E /* Pods */ = {
			isa = PBXGroup;
			children = (
				4F841B1C8B68B84649579A38 /* Pods-Automotive.debug.xcconfig */,
				6F8C72BE586B2C4D68ED71B5 /* Pods-Automotive.release.xcconfig */,
				A9DF201DF3C372173163A242 /* Pods-AutomotiveTests.debug.xcconfig */,
				B7C4A52AD0076CEC07E462BF /* Pods-AutomotiveTests.release.xcconfig */,
				F7028540A6102DE15F47E21B /* Pods-AutomotiveUITests.debug.xcconfig */,
				5C614A4B231C30FF9D50311B /* Pods-AutomotiveUITests.release.xcconfig */,
			);
			name = Pods;
			sourceTree = "<group>";
		};
		931CDE05D156DB0A5AB14BA3 /* Frameworks */ = {
			isa = PBXGroup;
			children = (
				83A251F3378C8CD7AC84BC27 /* Pods_Automotive.framework */,
				0A274A3EFF24145DC3BD6AD1 /* Pods_AutomotiveTests.framework */,
				DE6212D953014141EF865468 /* Pods_AutomotiveUITests.framework */,
			);
			name = Frameworks;
			sourceTree = "<group>";
		};
/* End PBXGroup section */

/* Begin PBXNativeTarget section */
		0488815E1EB6224100910804 /* Automotive */ = {
			isa = PBXNativeTarget;
			buildConfigurationList = 0488818A1EB6224100910804 /* Build configuration list for PBXNativeTarget "Automotive" */;
			buildPhases = (
				EEA1666A4A2F8AB1A1CEEDAA /* [CP] Check Pods Manifest.lock */,
				0488815B1EB6224100910804 /* Sources */,
				0488815C1EB6224100910804 /* Frameworks */,
				0488815D1EB6224100910804 /* Resources */,
				2DA29325EDBFA39A80212947 /* [CP] Embed Pods Frameworks */,
				FD04F7086FD95F48431D84E7 /* [CP] Copy Pods Resources */,
			);
			buildRules = (
			);
			dependencies = (
			);
			name = Automotive;
			productName = Automotive;
			productReference = 0488815F1EB6224100910804 /* Automotive.app */;
			productType = "com.apple.product-type.application";
		};
		048881751EB6224100910804 /* AutomotiveTests */ = {
			isa = PBXNativeTarget;
			buildConfigurationList = 0488818D1EB6224100910804 /* Build configuration list for PBXNativeTarget "AutomotiveTests" */;
			buildPhases = (
				2B04DC9A65BFA643C6198EC1 /* [CP] Check Pods Manifest.lock */,
				048881721EB6224100910804 /* Sources */,
				048881731EB6224100910804 /* Frameworks */,
				048881741EB6224100910804 /* Resources */,
				0E6091E21487F02D0DCC72E9 /* [CP] Embed Pods Frameworks */,
				0CB7944987B7C8A29538FC74 /* [CP] Copy Pods Resources */,
			);
			buildRules = (
			);
			dependencies = (
				048881781EB6224100910804 /* PBXTargetDependency */,
			);
			name = AutomotiveTests;
			productName = AutomotiveTests;
			productReference = 048881761EB6224100910804 /* AutomotiveTests.xctest */;
			productType = "com.apple.product-type.bundle.unit-test";
		};
		048881801EB6224100910804 /* AutomotiveUITests */ = {
			isa = PBXNativeTarget;
			buildConfigurationList = 048881901EB6224100910804 /* Build configuration list for PBXNativeTarget "AutomotiveUITests" */;
			buildPhases = (
				475E9DB1CAB424622E308651 /* [CP] Check Pods Manifest.lock */,
				0488817D1EB6224100910804 /* Sources */,
				0488817E1EB6224100910804 /* Frameworks */,
				0488817F1EB6224100910804 /* Resources */,
				9F5CE025B7DD91F0CF1CD4F7 /* [CP] Embed Pods Frameworks */,
				DF765DC552BF50B7D7B6EC9B /* [CP] Copy Pods Resources */,
			);
			buildRules = (
			);
			dependencies = (
				048881831EB6224100910804 /* PBXTargetDependency */,
			);
			name = AutomotiveUITests;
			productName = AutomotiveUITests;
			productReference = 048881811EB6224100910804 /* AutomotiveUITests.xctest */;
			productType = "com.apple.product-type.bundle.ui-testing";
		};
/* End PBXNativeTarget section */

/* Begin PBXProject section */
		048881571EB6224100910804 /* Project object */ = {
			isa = PBXProject;
			attributes = {
				LastSwiftUpdateCheck = 0820;
				LastUpgradeCheck = 0820;
				ORGANIZATIONNAME = "Mujtaba Alam";
				TargetAttributes = {
					0488815E1EB6224100910804 = {
						CreatedOnToolsVersion = 8.2.1;
						DevelopmentTeam = V3UJEPK4LT;
						ProvisioningStyle = Automatic;
					};
					048881751EB6224100910804 = {
						CreatedOnToolsVersion = 8.2.1;
						DevelopmentTeam = V3UJEPK4LT;
						ProvisioningStyle = Automatic;
						TestTargetID = 0488815E1EB6224100910804;
					};
					048881801EB6224100910804 = {
						CreatedOnToolsVersion = 8.2.1;
						DevelopmentTeam = V3UJEPK4LT;
						ProvisioningStyle = Automatic;
						TestTargetID = 0488815E1EB6224100910804;
					};
				};
			};
			buildConfigurationList = 0488815A1EB6224100910804 /* Build configuration list for PBXProject "Automotive" */;
			compatibilityVersion = "Xcode 3.2";
			developmentRegion = English;
			hasScannedForEncodings = 0;
			knownRegions = (
				en,
				Base,
			);
			mainGroup = 048881561EB6224100910804;
			productRefGroup = 048881601EB6224100910804 /* Products */;
			projectDirPath = "";
			projectRoot = "";
			targets = (
				0488815E1EB6224100910804 /* Automotive */,
				048881751EB6224100910804 /* AutomotiveTests */,
				048881801EB6224100910804 /* AutomotiveUITests */,
			);
		};
/* End PBXProject section */

/* Begin PBXResourcesBuildPhase section */
		0488815D1EB6224100910804 /* Resources */ = {
			isa = PBXResourcesBuildPhase;
			buildActionMask = 2147483647;
			files = (
				048881701EB6224100910804 /* LaunchScreen.storyboard in Resources */,
				0488816D1EB6224100910804 /* Assets.xcassets in Resources */,
				048881681EB6224100910804 /* Main.storyboard in Resources */,
			);
			runOnlyForDeploymentPostprocessing = 0;
		};
		048881741EB6224100910804 /* Resources */ = {
			isa = PBXResourcesBuildPhase;
			buildActionMask = 2147483647;
			files = (
			);
			runOnlyForDeploymentPostprocessing = 0;
		};
		0488817F1EB6224100910804 /* Resources */ = {
			isa = PBXResourcesBuildPhase;
			buildActionMask = 2147483647;
			files = (
			);
			runOnlyForDeploymentPostprocessing = 0;
		};
/* End PBXResourcesBuildPhase section */

/* Begin PBXShellScriptBuildPhase section */
		0CB7944987B7C8A29538FC74 /* [CP] Copy Pods Resources */ = {
			isa = PBXShellScriptBuildPhase;
			buildActionMask = 2147483647;
			files = (
			);
			inputPaths = (
			);
			name = "[CP] Copy Pods Resources";
			outputPaths = (
			);
			runOnlyForDeploymentPostprocessing = 0;
			shellPath = /bin/sh;
			shellScript = "\"${SRCROOT}/Pods/Target Support Files/Pods-AutomotiveTests/Pods-AutomotiveTests-resources.sh\"\n";
			showEnvVarsInLog = 0;
		};
		0E6091E21487F02D0DCC72E9 /* [CP] Embed Pods Frameworks */ = {
			isa = PBXShellScriptBuildPhase;
			buildActionMask = 2147483647;
			files = (
			);
			inputPaths = (
			);
			name = "[CP] Embed Pods Frameworks";
			outputPaths = (
			);
			runOnlyForDeploymentPostprocessing = 0;
			shellPath = /bin/sh;
			shellScript = "\"${SRCROOT}/Pods/Target Support Files/Pods-AutomotiveTests/Pods-AutomotiveTests-frameworks.sh\"\n";
			showEnvVarsInLog = 0;
		};
		2B04DC9A65BFA643C6198EC1 /* [CP] Check Pods Manifest.lock */ = {
			isa = PBXShellScriptBuildPhase;
			buildActionMask = 2147483647;
			files = (
			);
			inputPaths = (
			);
			name = "[CP] Check Pods Manifest.lock";
			outputPaths = (
			);
			runOnlyForDeploymentPostprocessing = 0;
			shellPath = /bin/sh;
			shellScript = "diff \"${PODS_ROOT}/../Podfile.lock\" \"${PODS_ROOT}/Manifest.lock\" > /dev/null\nif [ $? != 0 ] ; then\n    # print error to STDERR\n    echo \"error: The sandbox is not in sync with the Podfile.lock. Run 'pod install' or update your CocoaPods installation.\" >&2\n    exit 1\nfi\n";
			showEnvVarsInLog = 0;
		};
		2DA29325EDBFA39A80212947 /* [CP] Embed Pods Frameworks */ = {
			isa = PBXShellScriptBuildPhase;
			buildActionMask = 2147483647;
			files = (
			);
			inputPaths = (
			);
			name = "[CP] Embed Pods Frameworks";
			outputPaths = (
			);
			runOnlyForDeploymentPostprocessing = 0;
			shellPath = /bin/sh;
			shellScript = "\"${SRCROOT}/Pods/Target Support Files/Pods-Automotive/Pods-Automotive-frameworks.sh\"\n";
			showEnvVarsInLog = 0;
		};
		475E9DB1CAB424622E308651 /* [CP] Check Pods Manifest.lock */ = {
			isa = PBXShellScriptBuildPhase;
			buildActionMask = 2147483647;
			files = (
			);
			inputPaths = (
			);
			name = "[CP] Check Pods Manifest.lock";
			outputPaths = (
			);
			runOnlyForDeploymentPostprocessing = 0;
			shellPath = /bin/sh;
			shellScript = "diff \"${PODS_ROOT}/../Podfile.lock\" \"${PODS_ROOT}/Manifest.lock\" > /dev/null\nif [ $? != 0 ] ; then\n    # print error to STDERR\n    echo \"error: The sandbox is not in sync with the Podfile.lock. Run 'pod install' or update your CocoaPods installation.\" >&2\n    exit 1\nfi\n";
			showEnvVarsInLog = 0;
		};
		9F5CE025B7DD91F0CF1CD4F7 /* [CP] Embed Pods Frameworks */ = {
			isa = PBXShellScriptBuildPhase;
			buildActionMask = 2147483647;
			files = (
			);
			inputPaths = (
			);
			name = "[CP] Embed Pods Frameworks";
			outputPaths = (
			);
			runOnlyForDeploymentPostprocessing = 0;
			shellPath = /bin/sh;
			shellScript = "\"${SRCROOT}/Pods/Target Support Files/Pods-AutomotiveUITests/Pods-AutomotiveUITests-frameworks.sh\"\n";
			showEnvVarsInLog = 0;
		};
		DF765DC552BF50B7D7B6EC9B /* [CP] Copy Pods Resources */ = {
			isa = PBXShellScriptBuildPhase;
			buildActionMask = 2147483647;
			files = (
			);
			inputPaths = (
			);
			name = "[CP] Copy Pods Resources";
			outputPaths = (
			);
			runOnlyForDeploymentPostprocessing = 0;
			shellPath = /bin/sh;
			shellScript = "\"${SRCROOT}/Pods/Target Support Files/Pods-AutomotiveUITests/Pods-AutomotiveUITests-resources.sh\"\n";
			showEnvVarsInLog = 0;
		};
		EEA1666A4A2F8AB1A1CEEDAA /* [CP] Check Pods Manifest.lock */ = {
			isa = PBXShellScriptBuildPhase;
			buildActionMask = 2147483647;
			files = (
			);
			inputPaths = (
			);
			name = "[CP] Check Pods Manifest.lock";
			outputPaths = (
			);
			runOnlyForDeploymentPostprocessing = 0;
			shellPath = /bin/sh;
			shellScript = "diff \"${PODS_ROOT}/../Podfile.lock\" \"${PODS_ROOT}/Manifest.lock\" > /dev/null\nif [ $? != 0 ] ; then\n    # print error to STDERR\n    echo \"error: The sandbox is not in sync with the Podfile.lock. Run 'pod install' or update your CocoaPods installation.\" >&2\n    exit 1\nfi\n";
			showEnvVarsInLog = 0;
		};
		FD04F7086FD95F48431D84E7 /* [CP] Copy Pods Resources */ = {
			isa = PBXShellScriptBuildPhase;
			buildActionMask = 2147483647;
			files = (
			);
			inputPaths = (
			);
			name = "[CP] Copy Pods Resources";
			outputPaths = (
			);
			runOnlyForDeploymentPostprocessing = 0;
			shellPath = /bin/sh;
			shellScript = "\"${SRCROOT}/Pods/Target Support Files/Pods-Automotive/Pods-Automotive-resources.sh\"\n";
			showEnvVarsInLog = 0;
		};
/* End PBXShellScriptBuildPhase section */

/* Begin PBXSourcesBuildPhase section */
		0488815B1EB6224100910804 /* Sources */ = {
			isa = PBXSourcesBuildPhase;
			buildActionMask = 2147483647;
			files = (
				04E259AA1EB6244B00401E24 /* ListingVC.swift in Sources */,
				048881631EB6224100910804 /* AppDelegate.swift in Sources */,
				04E259AD1EB6248100401E24 /* FavouriteVC.swift in Sources */,
				0488816B1EB6224100910804 /* Automotive.xcdatamodeld in Sources */,
			);
			runOnlyForDeploymentPostprocessing = 0;
		};
		048881721EB6224100910804 /* Sources */ = {
			isa = PBXSourcesBuildPhase;
			buildActionMask = 2147483647;
			files = (
				0488817B1EB6224100910804 /* AutomotiveTests.swift in Sources */,
			);
			runOnlyForDeploymentPostprocessing = 0;
		};
		0488817D1EB6224100910804 /* Sources */ = {
			isa = PBXSourcesBuildPhase;
			buildActionMask = 2147483647;
			files = (
				048881861EB6224100910804 /* AutomotiveUITests.swift in Sources */,
			);
			runOnlyForDeploymentPostprocessing = 0;
		};
/* End PBXSourcesBuildPhase section */

/* Begin PBXTargetDependency section */
		048881781EB6224100910804 /* PBXTargetDependency */ = {
			isa = PBXTargetDependency;
			target = 0488815E1EB6224100910804 /* Automotive */;
			targetProxy = 048881771EB6224100910804 /* PBXContainerItemProxy */;
		};
		048881831EB6224100910804 /* PBXTargetDependency */ = {
			isa = PBXTargetDependency;
			target = 0488815E1EB6224100910804 /* Automotive */;
			targetProxy = 048881821EB6224100910804 /* PBXContainerItemProxy */;
		};
/* End PBXTargetDependency section */

/* Begin PBXVariantGroup section */
		048881661EB6224100910804 /* Main.storyboard */ = {
			isa = PBXVariantGroup;
			children = (
				048881671EB6224100910804 /* Base */,
			);
			name = Main.storyboard;
			sourceTree = "<group>";
		};
		0488816E1EB6224100910804 /* LaunchScreen.storyboard */ = {
			isa = PBXVariantGroup;
			children = (
				0488816F1EB6224100910804 /* Base */,
			);
			name = LaunchScreen.storyboard;
			sourceTree = "<group>";
		};
/* End PBXVariantGroup section */

/* Begin XCBuildConfiguration section */
		048881881EB6224100910804 /* Debug */ = {
			isa = XCBuildConfiguration;
			buildSettings = {
				ALWAYS_SEARCH_USER_PATHS = NO;
				CLANG_ANALYZER_NONNULL = YES;
				CLANG_CXX_LANGUAGE_STANDARD = "gnu++0x";
				CLANG_CXX_LIBRARY = "libc++";
				CLANG_ENABLE_MODULES = YES;
				CLANG_ENABLE_OBJC_ARC = YES;
				CLANG_WARN_BOOL_CONVERSION = YES;
				CLANG_WARN_CONSTANT_CONVERSION = YES;
				CLANG_WARN_DIRECT_OBJC_ISA_USAGE = YES_ERROR;
				CLANG_WARN_DOCUMENTATION_COMMENTS = YES;
				CLANG_WARN_EMPTY_BODY = YES;
				CLANG_WARN_ENUM_CONVERSION = YES;
				CLANG_WARN_INFINITE_RECURSION = YES;
				CLANG_WARN_INT_CONVERSION = YES;
				CLANG_WARN_OBJC_ROOT_CLASS = YES_ERROR;
				CLANG_WARN_SUSPICIOUS_MOVE = YES;
				CLANG_WARN_UNREACHABLE_CODE = YES;
				CLANG_WARN__DUPLICATE_METHOD_MATCH = YES;
				"CODE_SIGN_IDENTITY[sdk=iphoneos*]" = "iPhone Developer";
				COPY_PHASE_STRIP = NO;
				DEBUG_INFORMATION_FORMAT = dwarf;
				ENABLE_STRICT_OBJC_MSGSEND = YES;
				ENABLE_TESTABILITY = YES;
				GCC_C_LANGUAGE_STANDARD = gnu99;
				GCC_DYNAMIC_NO_PIC = NO;
				GCC_NO_COMMON_BLOCKS = YES;
				GCC_OPTIMIZATION_LEVEL = 0;
				GCC_PREPROCESSOR_DEFINITIONS = (
					"DEBUG=1",
					"$(inherited)",
				);
				GCC_WARN_64_TO_32_BIT_CONVERSION = YES;
				GCC_WARN_ABOUT_RETURN_TYPE = YES_ERROR;
				GCC_WARN_UNDECLARED_SELECTOR = YES;
				GCC_WARN_UNINITIALIZED_AUTOS = YES_AGGRESSIVE;
				GCC_WARN_UNUSED_FUNCTION = YES;
				GCC_WARN_UNUSED_VARIABLE = YES;
				IPHONEOS_DEPLOYMENT_TARGET = 10.2;
				MTL_ENABLE_DEBUG_INFO = YES;
				ONLY_ACTIVE_ARCH = YES;
				SDKROOT = iphoneos;
				SWIFT_ACTIVE_COMPILATION_CONDITIONS = DEBUG;
				SWIFT_OPTIMIZATION_LEVEL = "-Onone";
			};
			name = Debug;
		};
		048881891EB6224100910804 /* Release */ = {
			isa = XCBuildConfiguration;
			buildSettings = {
				ALWAYS_SEARCH_USER_PATHS = NO;
				CLANG_ANALYZER_NONNULL = YES;
				CLANG_CXX_LANGUAGE_STANDARD = "gnu++0x";
				CLANG_CXX_LIBRARY = "libc++";
				CLANG_ENABLE_MODULES = YES;
				CLANG_ENABLE_OBJC_ARC = YES;
				CLANG_WARN_BOOL_CONVERSION = YES;
				CLANG_WARN_CONSTANT_CONVERSION = YES;
				CLANG_WARN_DIRECT_OBJC_ISA_USAGE = YES_ERROR;
				CLANG_WARN_DOCUMENTATION_COMMENTS = YES;
				CLANG_WARN_EMPTY_BODY = YES;
				CLANG_WARN_ENUM_CONVERSION = YES;
				CLANG_WARN_INFINITE_RECURSION = YES;
				CLANG_WARN_INT_CONVERSION = YES;
				CLANG_WARN_OBJC_ROOT_CLASS = YES_ERROR;
				CLANG_WARN_SUSPICIOUS_MOVE = YES;
				CLANG_WARN_UNREACHABLE_CODE = YES;
				CLANG_WARN__DUPLICATE_METHOD_MATCH = YES;
				"CODE_SIGN_IDENTITY[sdk=iphoneos*]" = "iPhone Developer";
				COPY_PHASE_STRIP = NO;
				DEBUG_INFORMATION_FORMAT = "dwarf-with-dsym";
				ENABLE_NS_ASSERTIONS = NO;
				ENABLE_STRICT_OBJC_MSGSEND = YES;
				GCC_C_LANGUAGE_STANDARD = gnu99;
				GCC_NO_COMMON_BLOCKS = YES;
				GCC_WARN_64_TO_32_BIT_CONVERSION = YES;
				GCC_WARN_ABOUT_RETURN_TYPE = YES_ERROR;
				GCC_WARN_UNDECLARED_SELECTOR = YES;
				GCC_WARN_UNINITIALIZED_AUTOS = YES_AGGRESSIVE;
				GCC_WARN_UNUSED_FUNCTION = YES;
				GCC_WARN_UNUSED_VARIABLE = YES;
				IPHONEOS_DEPLOYMENT_TARGET = 10.2;
				MTL_ENABLE_DEBUG_INFO = NO;
				SDKROOT = iphoneos;
				SWIFT_OPTIMIZATION_LEVEL = "-Owholemodule";
				VALIDATE_PRODUCT = YES;
			};
			name = Release;
		};
		0488818B1EB6224100910804 /* Debug */ = {
			isa = XCBuildConfiguration;
			baseConfigurationReference = 4F841B1C8B68B84649579A38 /* Pods-Automotive.debug.xcconfig */;
			buildSettings = {
				ASSETCATALOG_COMPILER_APPICON_NAME = AppIcon;
				DEVELOPMENT_TEAM = V3UJEPK4LT;
				INFOPLIST_FILE = Automotive/Info.plist;
				IPHONEOS_DEPLOYMENT_TARGET = 10.0;
				LD_RUNPATH_SEARCH_PATHS = "$(inherited) @executable_path/Frameworks";
				PRODUCT_BUNDLE_IDENTIFIER = com.mujtabaalam.Automotive;
				PRODUCT_NAME = "$(TARGET_NAME)";
				SWIFT_VERSION = 3.0;
			};
			name = Debug;
		};
		0488818C1EB6224100910804 /* Release */ = {
			isa = XCBuildConfiguration;
			baseConfigurationReference = 6F8C72BE586B2C4D68ED71B5 /* Pods-Automotive.release.xcconfig */;
			buildSettings = {
				ASSETCATALOG_COMPILER_APPICON_NAME = AppIcon;
				DEVELOPMENT_TEAM = V3UJEPK4LT;
				INFOPLIST_FILE = Automotive/Info.plist;
				IPHONEOS_DEPLOYMENT_TARGET = 10.0;
				LD_RUNPATH_SEARCH_PATHS = "$(inherited) @executable_path/Frameworks";
				PRODUCT_BUNDLE_IDENTIFIER = com.mujtabaalam.Automotive;
				PRODUCT_NAME = "$(TARGET_NAME)";
				SWIFT_VERSION = 3.0;
			};
			name = Release;
		};
		0488818E1EB6224100910804 /* Debug */ = {
			isa = XCBuildConfiguration;
			baseConfigurationReference = A9DF201DF3C372173163A242 /* Pods-AutomotiveTests.debug.xcconfig */;
			buildSettings = {
				ALWAYS_EMBED_SWIFT_STANDARD_LIBRARIES = YES;
				BUNDLE_LOADER = "$(TEST_HOST)";
				DEVELOPMENT_TEAM = V3UJEPK4LT;
				INFOPLIST_FILE = AutomotiveTests/Info.plist;
				LD_RUNPATH_SEARCH_PATHS = "$(inherited) @executable_path/Frameworks @loader_path/Frameworks";
				PRODUCT_BUNDLE_IDENTIFIER = com.mujtabaalam.AutomotiveTests;
				PRODUCT_NAME = "$(TARGET_NAME)";
				SWIFT_VERSION = 3.0;
				TEST_HOST = "$(BUILT_PRODUCTS_DIR)/Automotive.app/Automotive";
			};
			name = Debug;
		};
		0488818F1EB6224100910804 /* Release */ = {
			isa = XCBuildConfiguration;
			baseConfigurationReference = B7C4A52AD0076CEC07E462BF /* Pods-AutomotiveTests.release.xcconfig */;
			buildSettings = {
				ALWAYS_EMBED_SWIFT_STANDARD_LIBRARIES = YES;
				BUNDLE_LOADER = "$(TEST_HOST)";
				DEVELOPMENT_TEAM = V3UJEPK4LT;
				INFOPLIST_FILE = AutomotiveTests/Info.plist;
				LD_RUNPATH_SEARCH_PATHS = "$(inherited) @executable_path/Frameworks @loader_path/Frameworks";
				PRODUCT_BUNDLE_IDENTIFIER = com.mujtabaalam.AutomotiveTests;
				PRODUCT_NAME = "$(TARGET_NAME)";
				SWIFT_VERSION = 3.0;
				TEST_HOST = "$(BUILT_PRODUCTS_DIR)/Automotive.app/Automotive";
			};
			name = Release;
		};
		048881911EB6224100910804 /* Debug */ = {
			isa = XCBuildConfiguration;
			baseConfigurationReference = F7028540A6102DE15F47E21B /* Pods-AutomotiveUITests.debug.xcconfig */;
			buildSettings = {
				ALWAYS_EMBED_SWIFT_STANDARD_LIBRARIES = YES;
				DEVELOPMENT_TEAM = V3UJEPK4LT;
				INFOPLIST_FILE = AutomotiveUITests/Info.plist;
				LD_RUNPATH_SEARCH_PATHS = "$(inherited) @executable_path/Frameworks @loader_path/Frameworks";
				PRODUCT_BUNDLE_IDENTIFIER = com.mujtabaalam.AutomotiveUITests;
				PRODUCT_NAME = "$(TARGET_NAME)";
				SWIFT_VERSION = 3.0;
				TEST_TARGET_NAME = Automotive;
			};
			name = Debug;
		};
		048881921EB6224100910804 /* Release */ = {
			isa = XCBuildConfiguration;
			baseConfigurationReference = 5C614A4B231C30FF9D50311B /* Pods-AutomotiveUITests.release.xcconfig */;
			buildSettings = {
				ALWAYS_EMBED_SWIFT_STANDARD_LIBRARIES = YES;
				DEVELOPMENT_TEAM = V3UJEPK4LT;
				INFOPLIST_FILE = AutomotiveUITests/Info.plist;
				LD_RUNPATH_SEARCH_PATHS = "$(inherited) @executable_path/Frameworks @loader_path/Frameworks";
				PRODUCT_BUNDLE_IDENTIFIER = com.mujtabaalam.AutomotiveUITests;
				PRODUCT_NAME = "$(TARGET_NAME)";
				SWIFT_VERSION = 3.0;
				TEST_TARGET_NAME = Automotive;
			};
			name = Release;
		};
/* End XCBuildConfiguration section */

/* Begin XCConfigurationList section */
		0488815A1EB6224100910804 /* Build configuration list for PBXProject "Automotive" */ = {
			isa = XCConfigurationList;
			buildConfigurations = (
				048881881EB6224100910804 /* Debug */,
				048881891EB6224100910804 /* Release */,
			);
			defaultConfigurationIsVisible = 0;
			defaultConfigurationName = Release;
		};
		0488818A1EB6224100910804 /* Build configuration list for PBXNativeTarget "Automotive" */ = {
			isa = XCConfigurationList;
			buildConfigurations = (
				0488818B1EB6224100910804 /* Debug */,
				0488818C1EB6224100910804 /* Release */,
			);
			defaultConfigurationIsVisible = 0;
			defaultConfigurationName = Release;
		};
		0488818D1EB6224100910804 /* Build configuration list for PBXNativeTarget "AutomotiveTests" */ = {
			isa = XCConfigurationList;
			buildConfigurations = (
				0488818E1EB6224100910804 /* Debug */,
				0488818F1EB6224100910804 /* Release */,
			);
			defaultConfigurationIsVisible = 0;
			defaultConfigurationName = Release;
		};
		048881901EB6224100910804 /* Build configuration list for PBXNativeTarget "AutomotiveUITests" */ = {
			isa = XCConfigurationList;
			buildConfigurations = (
				048881911EB6224100910804 /* Debug */,
				048881921EB6224100910804 /* Release */,
			);
			defaultConfigurationIsVisible = 0;
			defaultConfigurationName = Release;
		};
/* End XCConfigurationList section */

/* Begin XCVersionGroup section */
		048881691EB6224100910804 /* Automotive.xcdatamodeld */ = {
			isa = XCVersionGroup;
			children = (
				0488816A1EB6224100910804 /* Automotive.xcdatamodel */,
			);
			currentVersion = 0488816A1EB6224100910804 /* Automotive.xcdatamodel */;
			path = Automotive.xcdatamodeld;
			sourceTree = "<group>";
			versionGroupType = wrapper.xcdatamodel;
		};
/* End XCVersionGroup section */
	};
	rootObject = 048881571EB6224100910804 /* Project object */;
}
